
Microsoft Visual Studio Solution File, Format Version 12.00
# Visual Studio Version 17
VisualStudioVersion = 17.4.33213.308
MinimumVisualStudioVersion = 10.0.40219.1
Project("{9A19103F-16F7-4668-BE54-9A1E7A4F7556}") = "EmployeeManagement.Models", "EmployeeManagement.Models\EmployeeManagement.Models.csproj", "{A1C168C0-BFB2-4805-98D0-CC9D911C1DF1}"
EndProject
Project("{9A19103F-16F7-4668-BE54-9A1E7A4F7556}") = "EmployeeManagement.Web", "EmployeeManagement.Web\EmployeeManagement.Web.csproj", "{640515A1-EC95-4A60-8CC3-E59E40F8644E}"
EndProject
Project("{9A19103F-16F7-4668-BE54-9A1E7A4F7556}") = "EmployeeManagement.Api", "EmployeeManagement.Api\EmployeeManagement.Api.csproj", "{576871B0-A88D-4370-85E5-BEEA39033B0E}"
EndProject
Global
	GlobalSection(SolutionConfigurationPlatforms) = preSolution
		Debug|Any CPU = Debug|Any CPU
		Release|Any CPU = Release|Any CPU
	EndGlobalSection
	GlobalSection(ProjectConfigurationPlatforms) = postSolution
		{A1C168C0-BFB2-4805-98D0-CC9D911C1DF1}.Debug|Any CPU.ActiveCfg = Debug|Any CPU
		{A1C168C0-BFB2-4805-98D0-CC9D911C1DF1}.Debug|Any CPU.Build.0 = Debug|Any CPU
		{A1C168C0-BFB2-4805-98D0-CC9D911C1DF1}.Release|Any CPU.ActiveCfg = Release|Any CPU
		{A1C168C0-BFB2-4805-98D0-CC9D911C1DF1}.Release|Any CPU.Build.0 = Release|Any CPU
		{640515A1-EC95-4A60-8CC3-E59E40F8644E}.Debug|Any CPU.ActiveCfg = Debug|Any CPU
		{640515A1-EC95-4A60-8CC3-E59E40F8644E}.Debug|Any CPU.Build.0 = Debug|Any CPU
		{640515A1-EC95-4A60-8CC3-E59E40F8644E}.Release|Any CPU.ActiveCfg = Release|Any CPU
		{640515A1-EC95-4A60-8CC3-E59E40F8644E}.Release|Any CPU.Build.0 = Release|Any CPU
		{576871B0-A88D-4370-85E5-BEEA39033B0E}.Debug|Any CPU.ActiveCfg = Debug|Any CPU
		{576871B0-A88D-4370-85E5-BEEA39033B0E}.Debug|Any CPU.Build.0 = Debug|Any CPU
		{576871B0-A88D-4370-85E5-BEEA39033B0E}.Release|Any CPU.ActiveCfg = Release|Any CPU
		{576871B0-A88D-4370-85E5-BEEA39033B0E}.Release|Any CPU.Build.0 = Release|Any CPU
	EndGlobalSection
	GlobalSection(SolutionProperties) = preSolution
		HideSolutionNode = FALSE
	EndGlobalSection
	GlobalSection(ExtensibilityGlobals) = postSolution
		SolutionGuid = {ECFBA7BD-4A01-4B28-BA1E-F1F14A448ADD}
	EndGlobalSection
EndGlobal
